// !$*UTF8*$!
{
	archiveVersion = 1;
	classes = {
	};
	objectVersion = 46;
	objects = {

/* Begin PBXBuildFile section */
		CE00EA58146CF876004AB0EC /* AirbrakeDetailView.xib in Resources */ = {isa = PBXBuildFile; fileRef = CE00E9F6146CF876004AB0EC /* AirbrakeDetailView.xib */; };
		CE00EA59146CF876004AB0EC /* AirbrakeDetailViewController.m in Sources */ = {isa = PBXBuildFile; fileRef = CE00E9F8146CF876004AB0EC /* AirbrakeDetailViewController.m */; };
		CE00EA5A146CF876004AB0EC /* AirbrakeError.m in Sources */ = {isa = PBXBuildFile; fileRef = CE00E9FA146CF876004AB0EC /* AirbrakeError.m */; };
		CE00EA5B146CF876004AB0EC /* AirbrakeFetcher.m in Sources */ = {isa = PBXBuildFile; fileRef = CE00E9FC146CF876004AB0EC /* AirbrakeFetcher.m */; };
		CE00EA5C146CF876004AB0EC /* AirbrakeListView.xib in Resources */ = {isa = PBXBuildFile; fileRef = CE00E9FD146CF876004AB0EC /* AirbrakeListView.xib */; };
		CE00EA5D146CF876004AB0EC /* AirbrakeListViewController.m in Sources */ = {isa = PBXBuildFile; fileRef = CE00E9FF146CF876004AB0EC /* AirbrakeListViewController.m */; };
		CE00EA5E146CF876004AB0EC /* AirbrakeModel.xcdatamodeld in Sources */ = {isa = PBXBuildFile; fileRef = CE00EA00146CF876004AB0EC /* AirbrakeModel.xcdatamodeld */; };
		CE00EA5F146CF876004AB0EC /* AirbrakeProject.m in Sources */ = {isa = PBXBuildFile; fileRef = CE00EA04146CF876004AB0EC /* AirbrakeProject.m */; };
		CE00EA60146CF876004AB0EC /* AirbrakeTablePopulator.m in Sources */ = {isa = PBXBuildFile; fileRef = CE00EA06146CF876004AB0EC /* AirbrakeTablePopulator.m */; };
		CE00EA61146CF876004AB0EC /* AirbrakeUser.m in Sources */ = {isa = PBXBuildFile; fileRef = CE00EA08146CF876004AB0EC /* AirbrakeUser.m */; };
		CE00EA63146CF876004AB0EC /* Airpad.xcdatamodeld in Sources */ = {isa = PBXBuildFile; fileRef = CE00EA0B146CF876004AB0EC /* Airpad.xcdatamodeld */; };
		CE00EA65146CF876004AB0EC /* AirpadViewController.m in Sources */ = {isa = PBXBuildFile; fileRef = CE00EA10146CF876004AB0EC /* AirpadViewController.m */; };
		CE00EA66146CF876004AB0EC /* AirpadViewController.xib in Resources */ = {isa = PBXBuildFile; fileRef = CE00EA11146CF876004AB0EC /* AirpadViewController.xib */; };
		CE00EA68146CF876004AB0EC /* IASKAppSettingsViewController.m in Sources */ = {isa = PBXBuildFile; fileRef = CE00EA18146CF876004AB0EC /* IASKAppSettingsViewController.m */; settings = {COMPILER_FLAGS = "-fno-objc-arc"; }; };
		CE00EA69146CF876004AB0EC /* IASKAppSettingsWebViewController.m in Sources */ = {isa = PBXBuildFile; fileRef = CE00EA1A146CF876004AB0EC /* IASKAppSettingsWebViewController.m */; settings = {COMPILER_FLAGS = "-fno-objc-arc"; }; };
		CE00EA6A146CF876004AB0EC /* IASKSpecifierValuesViewController.m in Sources */ = {isa = PBXBuildFile; fileRef = CE00EA1C146CF876004AB0EC /* IASKSpecifierValuesViewController.m */; settings = {COMPILER_FLAGS = "-fno-objc-arc"; }; };
		CE00EA6B146CF876004AB0EC /* IASKSettingsReader.m in Sources */ = {isa = PBXBuildFile; fileRef = CE00EA1F146CF876004AB0EC /* IASKSettingsReader.m */; settings = {COMPILER_FLAGS = "-fno-objc-arc"; }; };
		CE00EA6C146CF876004AB0EC /* IASKSettingsStore.m in Sources */ = {isa = PBXBuildFile; fileRef = CE00EA21146CF876004AB0EC /* IASKSettingsStore.m */; settings = {COMPILER_FLAGS = "-fno-objc-arc"; }; };
		CE00EA6D146CF876004AB0EC /* IASKSettingsStoreFile.m in Sources */ = {isa = PBXBuildFile; fileRef = CE00EA23146CF876004AB0EC /* IASKSettingsStoreFile.m */; settings = {COMPILER_FLAGS = "-fno-objc-arc"; }; };
		CE00EA6E146CF876004AB0EC /* IASKSettingsStoreUserDefaults.m in Sources */ = {isa = PBXBuildFile; fileRef = CE00EA25146CF876004AB0EC /* IASKSettingsStoreUserDefaults.m */; settings = {COMPILER_FLAGS = "-fno-objc-arc"; }; };
		CE00EA6F146CF876004AB0EC /* IASKSpecifier.m in Sources */ = {isa = PBXBuildFile; fileRef = CE00EA27146CF876004AB0EC /* IASKSpecifier.m */; settings = {COMPILER_FLAGS = "-fno-objc-arc"; }; };
		CE00EA70146CF876004AB0EC /* IASKPSSliderSpecifierViewCell.m in Sources */ = {isa = PBXBuildFile; fileRef = CE00EA2A146CF876004AB0EC /* IASKPSSliderSpecifierViewCell.m */; settings = {COMPILER_FLAGS = "-fno-objc-arc"; }; };
		CE00EA71146CF876004AB0EC /* IASKPSTextFieldSpecifierViewCell.m in Sources */ = {isa = PBXBuildFile; fileRef = CE00EA2C146CF876004AB0EC /* IASKPSTextFieldSpecifierViewCell.m */; settings = {COMPILER_FLAGS = "-fno-objc-arc"; }; };
		CE00EA72146CF876004AB0EC /* IASKPSTitleValueSpecifierViewCell.m in Sources */ = {isa = PBXBuildFile; fileRef = CE00EA2E146CF876004AB0EC /* IASKPSTitleValueSpecifierViewCell.m */; settings = {COMPILER_FLAGS = "-fno-objc-arc"; }; };
		CE00EA73146CF876004AB0EC /* IASKPSToggleSwitchSpecifierViewCell.m in Sources */ = {isa = PBXBuildFile; fileRef = CE00EA30146CF876004AB0EC /* IASKPSToggleSwitchSpecifierViewCell.m */; settings = {COMPILER_FLAGS = "-fno-objc-arc"; }; };
		CE00EA74146CF876004AB0EC /* IASKSlider.m in Sources */ = {isa = PBXBuildFile; fileRef = CE00EA32146CF876004AB0EC /* IASKSlider.m */; settings = {COMPILER_FLAGS = "-fno-objc-arc"; }; };
		CE00EA75146CF876004AB0EC /* IASKSwitch.m in Sources */ = {isa = PBXBuildFile; fileRef = CE00EA34146CF876004AB0EC /* IASKSwitch.m */; settings = {COMPILER_FLAGS = "-fno-objc-arc"; }; };
		CE00EA76146CF876004AB0EC /* IASKTextField.m in Sources */ = {isa = PBXBuildFile; fileRef = CE00EA36146CF876004AB0EC /* IASKTextField.m */; settings = {COMPILER_FLAGS = "-fno-objc-arc"; }; };
		CE00EA77146CF876004AB0EC /* IASKAppSettingsView.xib in Resources */ = {isa = PBXBuildFile; fileRef = CE00EA38146CF876004AB0EC /* IASKAppSettingsView.xib */; };
		CE00EA78146CF876004AB0EC /* IASKAppSettingsWebView.xib in Resources */ = {isa = PBXBuildFile; fileRef = CE00EA39146CF876004AB0EC /* IASKAppSettingsWebView.xib */; };
		CE00EA79146CF876004AB0EC /* IASKPSSliderSpecifierViewCell.xib in Resources */ = {isa = PBXBuildFile; fileRef = CE00EA3A146CF876004AB0EC /* IASKPSSliderSpecifierViewCell.xib */; };
		CE00EA7A146CF876004AB0EC /* IASKPSTextFieldSpecifierViewCell.xib in Resources */ = {isa = PBXBuildFile; fileRef = CE00EA3B146CF876004AB0EC /* IASKPSTextFieldSpecifierViewCell.xib */; };
		CE00EA7B146CF876004AB0EC /* IASKPSToggleSwitchSpecifierViewCell.xib in Resources */ = {isa = PBXBuildFile; fileRef = CE00EA3C146CF876004AB0EC /* IASKPSToggleSwitchSpecifierViewCell.xib */; };
		CE00EA7C146CF876004AB0EC /* IASKSpecifierValuesView.xib in Resources */ = {isa = PBXBuildFile; fileRef = CE00EA3D146CF876004AB0EC /* IASKSpecifierValuesView.xib */; };
		CE00EA7E146CF876004AB0EC /* NSArray+FunctionalUtils.m in Sources */ = {isa = PBXBuildFile; fileRef = CE00EA40146CF876004AB0EC /* NSArray+FunctionalUtils.m */; };
		CE00EA7F146CF876004AB0EC /* NSDate+DateISOParser.m in Sources */ = {isa = PBXBuildFile; fileRef = CE00EA42146CF876004AB0EC /* NSDate+DateISOParser.m */; };
		CE00EA80146CF876004AB0EC /* NSManagedObject+DSL.m in Sources */ = {isa = PBXBuildFile; fileRef = CE00EA44146CF876004AB0EC /* NSManagedObject+DSL.m */; };
		CE00EA81146CF876004AB0EC /* PagedXmlFetcher.m in Sources */ = {isa = PBXBuildFile; fileRef = CE00EA46146CF876004AB0EC /* PagedXmlFetcher.m */; };
		CE00EA82146CF876004AB0EC /* ProjectFetcher.m in Sources */ = {isa = PBXBuildFile; fileRef = CE00EA48146CF876004AB0EC /* ProjectFetcher.m */; };
		CE00EA83146CF876004AB0EC /* ProjectsMenuView.xib in Resources */ = {isa = PBXBuildFile; fileRef = CE00EA49146CF876004AB0EC /* ProjectsMenuView.xib */; };
		CE00EA84146CF876004AB0EC /* ProjectsMenuViewController.m in Sources */ = {isa = PBXBuildFile; fileRef = CE00EA4B146CF876004AB0EC /* ProjectsMenuViewController.m */; };
		CE00EA85146CF876004AB0EC /* Settings.bundle in Resources */ = {isa = PBXBuildFile; fileRef = CE00EA4C146CF876004AB0EC /* Settings.bundle */; };
		CE00EA86146CF876004AB0EC /* UserSettings.m in Sources */ = {isa = PBXBuildFile; fileRef = CE00EA4E146CF876004AB0EC /* UserSettings.m */; };
		CE00EA8D146CF92E004AB0EC /* SMXMLDocument.m in Sources */ = {isa = PBXBuildFile; fileRef = CE00EA8C146CF92E004AB0EC /* SMXMLDocument.m */; };
		CE00EA8F146CF9D4004AB0EC /* MessageUI.framework in Frameworks */ = {isa = PBXBuildFile; fileRef = CE00EA8E146CF9D4004AB0EC /* MessageUI.framework */; };
		CEC636DB146CF7FE0036FA02 /* UIKit.framework in Frameworks */ = {isa = PBXBuildFile; fileRef = CEC636DA146CF7FE0036FA02 /* UIKit.framework */; };
		CEC636DD146CF7FE0036FA02 /* Foundation.framework in Frameworks */ = {isa = PBXBuildFile; fileRef = CEC636DC146CF7FE0036FA02 /* Foundation.framework */; };
		CEC636DF146CF7FE0036FA02 /* CoreGraphics.framework in Frameworks */ = {isa = PBXBuildFile; fileRef = CEC636DE146CF7FE0036FA02 /* CoreGraphics.framework */; };
		CEC636E1146CF7FE0036FA02 /* CoreData.framework in Frameworks */ = {isa = PBXBuildFile; fileRef = CEC636E0146CF7FE0036FA02 /* CoreData.framework */; };
		CEC636E7146CF7FE0036FA02 /* InfoPlist.strings in Resources */ = {isa = PBXBuildFile; fileRef = CEC636E5146CF7FE0036FA02 /* InfoPlist.strings */; };
		CEC636E9146CF7FE0036FA02 /* main.m in Sources */ = {isa = PBXBuildFile; fileRef = CEC636E8146CF7FE0036FA02 /* main.m */; };
		CEC636ED146CF7FE0036FA02 /* AirpadAppDelegate.m in Sources */ = {isa = PBXBuildFile; fileRef = CEC636EC146CF7FE0036FA02 /* AirpadAppDelegate.m */; };
		CEC636F0146CF7FE0036FA02 /* Airpad.xcdatamodeld in Sources */ = {isa = PBXBuildFile; fileRef = CEC636EE146CF7FE0036FA02 /* Airpad.xcdatamodeld */; };
		CEC636F8146CF7FE0036FA02 /* SenTestingKit.framework in Frameworks */ = {isa = PBXBuildFile; fileRef = CEC636F7146CF7FE0036FA02 /* SenTestingKit.framework */; };
		CEC636F9146CF7FE0036FA02 /* UIKit.framework in Frameworks */ = {isa = PBXBuildFile; fileRef = CEC636DA146CF7FE0036FA02 /* UIKit.framework */; };
		CEC636FA146CF7FE0036FA02 /* Foundation.framework in Frameworks */ = {isa = PBXBuildFile; fileRef = CEC636DC146CF7FE0036FA02 /* Foundation.framework */; };
		CEC636FB146CF7FE0036FA02 /* CoreData.framework in Frameworks */ = {isa = PBXBuildFile; fileRef = CEC636E0146CF7FE0036FA02 /* CoreData.framework */; };
		CEC63703146CF7FE0036FA02 /* InfoPlist.strings in Resources */ = {isa = PBXBuildFile; fileRef = CEC63701146CF7FE0036FA02 /* InfoPlist.strings */; };
		CEC63706146CF7FE0036FA02 /* AirpadTests.m in Sources */ = {isa = PBXBuildFile; fileRef = CEC63705146CF7FE0036FA02 /* AirpadTests.m */; };
/* End PBXBuildFile section */

/* Begin PBXContainerItemProxy section */
		CEC636FC146CF7FE0036FA02 /* PBXContainerItemProxy */ = {
			isa = PBXContainerItemProxy;
			containerPortal = CEC636CD146CF7FE0036FA02 /* Project object */;
			proxyType = 1;
			remoteGlobalIDString = CEC636D5146CF7FE0036FA02;
			remoteInfo = Airpad;
		};
/* End PBXContainerItemProxy section */

/* Begin PBXFileReference section */
		CE00E9F6146CF876004AB0EC /* AirbrakeDetailView.xib */ = {isa = PBXFileReference; fileEncoding = 4; lastKnownFileType = file.xib; path = AirbrakeDetailView.xib; sourceTree = "<group>"; };
		CE00E9F7146CF876004AB0EC /* AirbrakeDetailViewController.h */ = {isa = PBXFileReference; fileEncoding = 4; lastKnownFileType = sourcecode.c.h; path = AirbrakeDetailViewController.h; sourceTree = "<group>"; };
		CE00E9F8146CF876004AB0EC /* AirbrakeDetailViewController.m */ = {isa = PBXFileReference; fileEncoding = 4; lastKnownFileType = sourcecode.c.objc; path = AirbrakeDetailViewController.m; sourceTree = "<group>"; };
		CE00E9F9146CF876004AB0EC /* AirbrakeError.h */ = {isa = PBXFileReference; fileEncoding = 4; lastKnownFileType = sourcecode.c.h; path = AirbrakeError.h; sourceTree = "<group>"; };
		CE00E9FA146CF876004AB0EC /* AirbrakeError.m */ = {isa = PBXFileReference; fileEncoding = 4; lastKnownFileType = sourcecode.c.objc; path = AirbrakeError.m; sourceTree = "<group>"; };
		CE00E9FB146CF876004AB0EC /* AirbrakeFetcher.h */ = {isa = PBXFileReference; fileEncoding = 4; lastKnownFileType = sourcecode.c.h; path = AirbrakeFetcher.h; sourceTree = "<group>"; };
		CE00E9FC146CF876004AB0EC /* AirbrakeFetcher.m */ = {isa = PBXFileReference; fileEncoding = 4; lastKnownFileType = sourcecode.c.objc; path = AirbrakeFetcher.m; sourceTree = "<group>"; };
		CE00E9FD146CF876004AB0EC /* AirbrakeListView.xib */ = {isa = PBXFileReference; fileEncoding = 4; lastKnownFileType = file.xib; path = AirbrakeListView.xib; sourceTree = "<group>"; };
		CE00E9FE146CF876004AB0EC /* AirbrakeListViewController.h */ = {isa = PBXFileReference; fileEncoding = 4; lastKnownFileType = sourcecode.c.h; path = AirbrakeListViewController.h; sourceTree = "<group>"; };
		CE00E9FF146CF876004AB0EC /* AirbrakeListViewController.m */ = {isa = PBXFileReference; fileEncoding = 4; lastKnownFileType = sourcecode.c.objc; path = AirbrakeListViewController.m; sourceTree = "<group>"; };
		CE00EA01146CF876004AB0EC /* AirbrakeModel.xcdatamodel */ = {isa = PBXFileReference; lastKnownFileType = wrapper.xcdatamodel; path = AirbrakeModel.xcdatamodel; sourceTree = "<group>"; };
		CE00EA02146CF876004AB0EC /* AirbrakePopulatorDelegate.h */ = {isa = PBXFileReference; fileEncoding = 4; lastKnownFileType = sourcecode.c.h; path = AirbrakePopulatorDelegate.h; sourceTree = "<group>"; };
		CE00EA03146CF876004AB0EC /* AirbrakeProject.h */ = {isa = PBXFileReference; fileEncoding = 4; lastKnownFileType = sourcecode.c.h; path = AirbrakeProject.h; sourceTree = "<group>"; };
		CE00EA04146CF876004AB0EC /* AirbrakeProject.m */ = {isa = PBXFileReference; fileEncoding = 4; lastKnownFileType = sourcecode.c.objc; path = AirbrakeProject.m; sourceTree = "<group>"; };
		CE00EA05146CF876004AB0EC /* AirbrakeTablePopulator.h */ = {isa = PBXFileReference; fileEncoding = 4; lastKnownFileType = sourcecode.c.h; path = AirbrakeTablePopulator.h; sourceTree = "<group>"; };
		CE00EA06146CF876004AB0EC /* AirbrakeTablePopulator.m */ = {isa = PBXFileReference; fileEncoding = 4; lastKnownFileType = sourcecode.c.objc; path = AirbrakeTablePopulator.m; sourceTree = "<group>"; };
		CE00EA07146CF876004AB0EC /* AirbrakeUser.h */ = {isa = PBXFileReference; fileEncoding = 4; lastKnownFileType = sourcecode.c.h; path = AirbrakeUser.h; sourceTree = "<group>"; };
		CE00EA08146CF876004AB0EC /* AirbrakeUser.m */ = {isa = PBXFileReference; fileEncoding = 4; lastKnownFileType = sourcecode.c.objc; path = AirbrakeUser.m; sourceTree = "<group>"; };
		CE00EA0C146CF876004AB0EC /* Airpad.xcdatamodel */ = {isa = PBXFileReference; lastKnownFileType = wrapper.xcdatamodel; path = Airpad.xcdatamodel; sourceTree = "<group>"; };
		CE00EA0F146CF876004AB0EC /* AirpadViewController.h */ = {isa = PBXFileReference; fileEncoding = 4; lastKnownFileType = sourcecode.c.h; path = AirpadViewController.h; sourceTree = "<group>"; };
		CE00EA10146CF876004AB0EC /* AirpadViewController.m */ = {isa = PBXFileReference; fileEncoding = 4; lastKnownFileType = sourcecode.c.objc; path = AirpadViewController.m; sourceTree = "<group>"; };
		CE00EA12146CF876004AB0EC /* en */ = {isa = PBXFileReference; lastKnownFileType = file.xib; name = en; path = en.lproj/AirpadViewController.xib; sourceTree = "<group>"; };
		CE00EA17146CF876004AB0EC /* IASKAppSettingsViewController.h */ = {isa = PBXFileReference; fileEncoding = 4; lastKnownFileType = sourcecode.c.h; path = IASKAppSettingsViewController.h; sourceTree = "<group>"; };
		CE00EA18146CF876004AB0EC /* IASKAppSettingsViewController.m */ = {isa = PBXFileReference; fileEncoding = 4; lastKnownFileType = sourcecode.c.objc; path = IASKAppSettingsViewController.m; sourceTree = "<group>"; };
		CE00EA19146CF876004AB0EC /* IASKAppSettingsWebViewController.h */ = {isa = PBXFileReference; fileEncoding = 4; lastKnownFileType = sourcecode.c.h; path = IASKAppSettingsWebViewController.h; sourceTree = "<group>"; };
		CE00EA1A146CF876004AB0EC /* IASKAppSettingsWebViewController.m */ = {isa = PBXFileReference; fileEncoding = 4; lastKnownFileType = sourcecode.c.objc; path = IASKAppSettingsWebViewController.m; sourceTree = "<group>"; };
		CE00EA1B146CF876004AB0EC /* IASKSpecifierValuesViewController.h */ = {isa = PBXFileReference; fileEncoding = 4; lastKnownFileType = sourcecode.c.h; path = IASKSpecifierValuesViewController.h; sourceTree = "<group>"; };
		CE00EA1C146CF876004AB0EC /* IASKSpecifierValuesViewController.m */ = {isa = PBXFileReference; fileEncoding = 4; lastKnownFileType = sourcecode.c.objc; path = IASKSpecifierValuesViewController.m; sourceTree = "<group>"; };
		CE00EA1E146CF876004AB0EC /* IASKSettingsReader.h */ = {isa = PBXFileReference; fileEncoding = 4; lastKnownFileType = sourcecode.c.h; path = IASKSettingsReader.h; sourceTree = "<group>"; };
		CE00EA1F146CF876004AB0EC /* IASKSettingsReader.m */ = {isa = PBXFileReference; fileEncoding = 4; lastKnownFileType = sourcecode.c.objc; path = IASKSettingsReader.m; sourceTree = "<group>"; };
		CE00EA20146CF876004AB0EC /* IASKSettingsStore.h */ = {isa = PBXFileReference; fileEncoding = 4; lastKnownFileType = sourcecode.c.h; path = IASKSettingsStore.h; sourceTree = "<group>"; };
		CE00EA21146CF876004AB0EC /* IASKSettingsStore.m */ = {isa = PBXFileReference; fileEncoding = 4; lastKnownFileType = sourcecode.c.objc; path = IASKSettingsStore.m; sourceTree = "<group>"; };
		CE00EA22146CF876004AB0EC /* IASKSettingsStoreFile.h */ = {isa = PBXFileReference; fileEncoding = 4; lastKnownFileType = sourcecode.c.h; path = IASKSettingsStoreFile.h; sourceTree = "<group>"; };
		CE00EA23146CF876004AB0EC /* IASKSettingsStoreFile.m */ = {isa = PBXFileReference; fileEncoding = 4; lastKnownFileType = sourcecode.c.objc; path = IASKSettingsStoreFile.m; sourceTree = "<group>"; };
		CE00EA24146CF876004AB0EC /* IASKSettingsStoreUserDefaults.h */ = {isa = PBXFileReference; fileEncoding = 4; lastKnownFileType = sourcecode.c.h; path = IASKSettingsStoreUserDefaults.h; sourceTree = "<group>"; };
		CE00EA25146CF876004AB0EC /* IASKSettingsStoreUserDefaults.m */ = {isa = PBXFileReference; fileEncoding = 4; lastKnownFileType = sourcecode.c.objc; path = IASKSettingsStoreUserDefaults.m; sourceTree = "<group>"; };
		CE00EA26146CF876004AB0EC /* IASKSpecifier.h */ = {isa = PBXFileReference; fileEncoding = 4; lastKnownFileType = sourcecode.c.h; path = IASKSpecifier.h; sourceTree = "<group>"; };
		CE00EA27146CF876004AB0EC /* IASKSpecifier.m */ = {isa = PBXFileReference; fileEncoding = 4; lastKnownFileType = sourcecode.c.objc; path = IASKSpecifier.m; sourceTree = "<group>"; };
		CE00EA29146CF876004AB0EC /* IASKPSSliderSpecifierViewCell.h */ = {isa = PBXFileReference; fileEncoding = 4; lastKnownFileType = sourcecode.c.h; path = IASKPSSliderSpecifierViewCell.h; sourceTree = "<group>"; };
		CE00EA2A146CF876004AB0EC /* IASKPSSliderSpecifierViewCell.m */ = {isa = PBXFileReference; fileEncoding = 4; lastKnownFileType = sourcecode.c.objc; path = IASKPSSliderSpecifierViewCell.m; sourceTree = "<group>"; };
		CE00EA2B146CF876004AB0EC /* IASKPSTextFieldSpecifierViewCell.h */ = {isa = PBXFileReference; fileEncoding = 4; lastKnownFileType = sourcecode.c.h; path = IASKPSTextFieldSpecifierViewCell.h; sourceTree = "<group>"; };
		CE00EA2C146CF876004AB0EC /* IASKPSTextFieldSpecifierViewCell.m */ = {isa = PBXFileReference; fileEncoding = 4; lastKnownFileType = sourcecode.c.objc; path = IASKPSTextFieldSpecifierViewCell.m; sourceTree = "<group>"; };
		CE00EA2D146CF876004AB0EC /* IASKPSTitleValueSpecifierViewCell.h */ = {isa = PBXFileReference; fileEncoding = 4; lastKnownFileType = sourcecode.c.h; path = IASKPSTitleValueSpecifierViewCell.h; sourceTree = "<group>"; };
		CE00EA2E146CF876004AB0EC /* IASKPSTitleValueSpecifierViewCell.m */ = {isa = PBXFileReference; fileEncoding = 4; lastKnownFileType = sourcecode.c.objc; path = IASKPSTitleValueSpecifierViewCell.m; sourceTree = "<group>"; };
		CE00EA2F146CF876004AB0EC /* IASKPSToggleSwitchSpecifierViewCell.h */ = {isa = PBXFileReference; fileEncoding = 4; lastKnownFileType = sourcecode.c.h; path = IASKPSToggleSwitchSpecifierViewCell.h; sourceTree = "<group>"; };
		CE00EA30146CF876004AB0EC /* IASKPSToggleSwitchSpecifierViewCell.m */ = {isa = PBXFileReference; fileEncoding = 4; lastKnownFileType = sourcecode.c.objc; path = IASKPSToggleSwitchSpecifierViewCell.m; sourceTree = "<group>"; };
		CE00EA31146CF876004AB0EC /* IASKSlider.h */ = {isa = PBXFileReference; fileEncoding = 4; lastKnownFileType = sourcecode.c.h; path = IASKSlider.h; sourceTree = "<group>"; };
		CE00EA32146CF876004AB0EC /* IASKSlider.m */ = {isa = PBXFileReference; fileEncoding = 4; lastKnownFileType = sourcecode.c.objc; path = IASKSlider.m; sourceTree = "<group>"; };
		CE00EA33146CF876004AB0EC /* IASKSwitch.h */ = {isa = PBXFileReference; fileEncoding = 4; lastKnownFileType = sourcecode.c.h; path = IASKSwitch.h; sourceTree = "<group>"; };
		CE00EA34146CF876004AB0EC /* IASKSwitch.m */ = {isa = PBXFileReference; fileEncoding = 4; lastKnownFileType = sourcecode.c.objc; path = IASKSwitch.m; sourceTree = "<group>"; };
		CE00EA35146CF876004AB0EC /* IASKTextField.h */ = {isa = PBXFileReference; fileEncoding = 4; lastKnownFileType = sourcecode.c.h; path = IASKTextField.h; sourceTree = "<group>"; };
		CE00EA36146CF876004AB0EC /* IASKTextField.m */ = {isa = PBXFileReference; fileEncoding = 4; lastKnownFileType = sourcecode.c.objc; path = IASKTextField.m; sourceTree = "<group>"; };
		CE00EA38146CF876004AB0EC /* IASKAppSettingsView.xib */ = {isa = PBXFileReference; fileEncoding = 4; lastKnownFileType = file.xib; path = IASKAppSettingsView.xib; sourceTree = "<group>"; };
		CE00EA39146CF876004AB0EC /* IASKAppSettingsWebView.xib */ = {isa = PBXFileReference; fileEncoding = 4; lastKnownFileType = file.xib; path = IASKAppSettingsWebView.xib; sourceTree = "<group>"; };
		CE00EA3A146CF876004AB0EC /* IASKPSSliderSpecifierViewCell.xib */ = {isa = PBXFileReference; fileEncoding = 4; lastKnownFileType = file.xib; path = IASKPSSliderSpecifierViewCell.xib; sourceTree = "<group>"; };
		CE00EA3B146CF876004AB0EC /* IASKPSTextFieldSpecifierViewCell.xib */ = {isa = PBXFileReference; fileEncoding = 4; lastKnownFileType = file.xib; path = IASKPSTextFieldSpecifierViewCell.xib; sourceTree = "<group>"; };
		CE00EA3C146CF876004AB0EC /* IASKPSToggleSwitchSpecifierViewCell.xib */ = {isa = PBXFileReference; fileEncoding = 4; lastKnownFileType = file.xib; path = IASKPSToggleSwitchSpecifierViewCell.xib; sourceTree = "<group>"; };
		CE00EA3D146CF876004AB0EC /* IASKSpecifierValuesView.xib */ = {isa = PBXFileReference; fileEncoding = 4; lastKnownFileType = file.xib; path = IASKSpecifierValuesView.xib; sourceTree = "<group>"; };
		CE00EA3F146CF876004AB0EC /* NSArray+FunctionalUtils.h */ = {isa = PBXFileReference; fileEncoding = 4; lastKnownFileType = sourcecode.c.h; path = "NSArray+FunctionalUtils.h"; sourceTree = "<group>"; };
		CE00EA40146CF876004AB0EC /* NSArray+FunctionalUtils.m */ = {isa = PBXFileReference; fileEncoding = 4; lastKnownFileType = sourcecode.c.objc; path = "NSArray+FunctionalUtils.m"; sourceTree = "<group>"; };
		CE00EA41146CF876004AB0EC /* NSDate+DateISOParser.h */ = {isa = PBXFileReference; fileEncoding = 4; lastKnownFileType = sourcecode.c.h; path = "NSDate+DateISOParser.h"; sourceTree = "<group>"; };
		CE00EA42146CF876004AB0EC /* NSDate+DateISOParser.m */ = {isa = PBXFileReference; fileEncoding = 4; lastKnownFileType = sourcecode.c.objc; path = "NSDate+DateISOParser.m"; sourceTree = "<group>"; };
		CE00EA43146CF876004AB0EC /* NSManagedObject+DSL.h */ = {isa = PBXFileReference; fileEncoding = 4; lastKnownFileType = sourcecode.c.h; path = "NSManagedObject+DSL.h"; sourceTree = "<group>"; };
		CE00EA44146CF876004AB0EC /* NSManagedObject+DSL.m */ = {isa = PBXFileReference; fileEncoding = 4; lastKnownFileType = sourcecode.c.objc; path = "NSManagedObject+DSL.m"; sourceTree = "<group>"; };
		CE00EA45146CF876004AB0EC /* PagedXmlFetcher.h */ = {isa = PBXFileReference; fileEncoding = 4; lastKnownFileType = sourcecode.c.h; path = PagedXmlFetcher.h; sourceTree = "<group>"; };
		CE00EA46146CF876004AB0EC /* PagedXmlFetcher.m */ = {isa = PBXFileReference; fileEncoding = 4; lastKnownFileType = sourcecode.c.objc; path = PagedXmlFetcher.m; sourceTree = "<group>"; };
		CE00EA47146CF876004AB0EC /* ProjectFetcher.h */ = {isa = PBXFileReference; fileEncoding = 4; lastKnownFileType = sourcecode.c.h; path = ProjectFetcher.h; sourceTree = "<group>"; };
		CE00EA48146CF876004AB0EC /* ProjectFetcher.m */ = {isa = PBXFileReference; fileEncoding = 4; lastKnownFileType = sourcecode.c.objc; path = ProjectFetcher.m; sourceTree = "<group>"; };
		CE00EA49146CF876004AB0EC /* ProjectsMenuView.xib */ = {isa = PBXFileReference; fileEncoding = 4; lastKnownFileType = file.xib; path = ProjectsMenuView.xib; sourceTree = "<group>"; };
		CE00EA4A146CF876004AB0EC /* ProjectsMenuViewController.h */ = {isa = PBXFileReference; fileEncoding = 4; lastKnownFileType = sourcecode.c.h; path = ProjectsMenuViewController.h; sourceTree = "<group>"; };
		CE00EA4B146CF876004AB0EC /* ProjectsMenuViewController.m */ = {isa = PBXFileReference; fileEncoding = 4; lastKnownFileType = sourcecode.c.objc; path = ProjectsMenuViewController.m; sourceTree = "<group>"; };
		CE00EA4C146CF876004AB0EC /* Settings.bundle */ = {isa = PBXFileReference; lastKnownFileType = "wrapper.plug-in"; path = Settings.bundle; sourceTree = "<group>"; };
		CE00EA4D146CF876004AB0EC /* UserSettings.h */ = {isa = PBXFileReference; fileEncoding = 4; lastKnownFileType = sourcecode.c.h; path = UserSettings.h; sourceTree = "<group>"; };
		CE00EA4E146CF876004AB0EC /* UserSettings.m */ = {isa = PBXFileReference; fileEncoding = 4; lastKnownFileType = sourcecode.c.objc; path = UserSettings.m; sourceTree = "<group>"; };
		CE00EA8B146CF92E004AB0EC /* SMXMLDocument.h */ = {isa = PBXFileReference; fileEncoding = 4; lastKnownFileType = sourcecode.c.h; path = SMXMLDocument.h; sourceTree = "<group>"; };
		CE00EA8C146CF92E004AB0EC /* SMXMLDocument.m */ = {isa = PBXFileReference; fileEncoding = 4; lastKnownFileType = sourcecode.c.objc; path = SMXMLDocument.m; sourceTree = "<group>"; };
		CE00EA8E146CF9D4004AB0EC /* MessageUI.framework */ = {isa = PBXFileReference; lastKnownFileType = wrapper.framework; name = MessageUI.framework; path = System/Library/Frameworks/MessageUI.framework; sourceTree = SDKROOT; };
		CEC636D6146CF7FE0036FA02 /* Airpad.app */ = {isa = PBXFileReference; explicitFileType = wrapper.application; includeInIndex = 0; path = Airpad.app; sourceTree = BUILT_PRODUCTS_DIR; };
		CEC636DA146CF7FE0036FA02 /* UIKit.framework */ = {isa = PBXFileReference; lastKnownFileType = wrapper.framework; name = UIKit.framework; path = System/Library/Frameworks/UIKit.framework; sourceTree = SDKROOT; };
		CEC636DC146CF7FE0036FA02 /* Foundation.framework */ = {isa = PBXFileReference; lastKnownFileType = wrapper.framework; name = Foundation.framework; path = System/Library/Frameworks/Foundation.framework; sourceTree = SDKROOT; };
		CEC636DE146CF7FE0036FA02 /* CoreGraphics.framework */ = {isa = PBXFileReference; lastKnownFileType = wrapper.framework; name = CoreGraphics.framework; path = System/Library/Frameworks/CoreGraphics.framework; sourceTree = SDKROOT; };
		CEC636E0146CF7FE0036FA02 /* CoreData.framework */ = {isa = PBXFileReference; lastKnownFileType = wrapper.framework; name = CoreData.framework; path = System/Library/Frameworks/CoreData.framework; sourceTree = SDKROOT; };
		CEC636E4146CF7FE0036FA02 /* Airpad-Info.plist */ = {isa = PBXFileReference; lastKnownFileType = text.plist.xml; path = "Airpad-Info.plist"; sourceTree = "<group>"; };
		CEC636E6146CF7FE0036FA02 /* en */ = {isa = PBXFileReference; lastKnownFileType = text.plist.strings; name = en; path = en.lproj/InfoPlist.strings; sourceTree = "<group>"; };
		CEC636E8146CF7FE0036FA02 /* main.m */ = {isa = PBXFileReference; lastKnownFileType = sourcecode.c.objc; path = main.m; sourceTree = "<group>"; };
		CEC636EA146CF7FE0036FA02 /* Airpad-Prefix.pch */ = {isa = PBXFileReference; lastKnownFileType = sourcecode.c.h; path = "Airpad-Prefix.pch"; sourceTree = "<group>"; };
		CEC636EB146CF7FE0036FA02 /* AirpadAppDelegate.h */ = {isa = PBXFileReference; lastKnownFileType = sourcecode.c.h; path = AirpadAppDelegate.h; sourceTree = "<group>"; };
		CEC636EC146CF7FE0036FA02 /* AirpadAppDelegate.m */ = {isa = PBXFileReference; lastKnownFileType = sourcecode.c.objc; path = AirpadAppDelegate.m; sourceTree = "<group>"; };
		CEC636EF146CF7FE0036FA02 /* Airpad.xcdatamodel */ = {isa = PBXFileReference; lastKnownFileType = wrapper.xcdatamodel; path = Airpad.xcdatamodel; sourceTree = "<group>"; };
		CEC636F6146CF7FE0036FA02 /* AirpadTests.octest */ = {isa = PBXFileReference; explicitFileType = wrapper.cfbundle; includeInIndex = 0; path = AirpadTests.octest; sourceTree = BUILT_PRODUCTS_DIR; };
		CEC636F7146CF7FE0036FA02 /* SenTestingKit.framework */ = {isa = PBXFileReference; lastKnownFileType = wrapper.framework; name = SenTestingKit.framework; path = Library/Frameworks/SenTestingKit.framework; sourceTree = DEVELOPER_DIR; };
		CEC63700146CF7FE0036FA02 /* AirpadTests-Info.plist */ = {isa = PBXFileReference; lastKnownFileType = text.plist.xml; path = "AirpadTests-Info.plist"; sourceTree = "<group>"; };
		CEC63702146CF7FE0036FA02 /* en */ = {isa = PBXFileReference; lastKnownFileType = text.plist.strings; name = en; path = en.lproj/InfoPlist.strings; sourceTree = "<group>"; };
		CEC63704146CF7FE0036FA02 /* AirpadTests.h */ = {isa = PBXFileReference; lastKnownFileType = sourcecode.c.h; path = AirpadTests.h; sourceTree = "<group>"; };
		CEC63705146CF7FE0036FA02 /* AirpadTests.m */ = {isa = PBXFileReference; lastKnownFileType = sourcecode.c.objc; path = AirpadTests.m; sourceTree = "<group>"; };
/* End PBXFileReference section */

/* Begin PBXFrameworksBuildPhase section */
		CEC636D3146CF7FE0036FA02 /* Frameworks */ = {
			isa = PBXFrameworksBuildPhase;
			buildActionMask = 2147483647;
			files = (
				CE00EA8F146CF9D4004AB0EC /* MessageUI.framework in Frameworks */,
				CEC636DB146CF7FE0036FA02 /* UIKit.framework in Frameworks */,
				CEC636DD146CF7FE0036FA02 /* Foundation.framework in Frameworks */,
				CEC636DF146CF7FE0036FA02 /* CoreGraphics.framework in Frameworks */,
				CEC636E1146CF7FE0036FA02 /* CoreData.framework in Frameworks */,
			);
			runOnlyForDeploymentPostprocessing = 0;
		};
		CEC636F2146CF7FE0036FA02 /* Frameworks */ = {
			isa = PBXFrameworksBuildPhase;
			buildActionMask = 2147483647;
			files = (
				CEC636F8146CF7FE0036FA02 /* SenTestingKit.framework in Frameworks */,
				CEC636F9146CF7FE0036FA02 /* UIKit.framework in Frameworks */,
				CEC636FA146CF7FE0036FA02 /* Foundation.framework in Frameworks */,
				CEC636FB146CF7FE0036FA02 /* CoreData.framework in Frameworks */,
			);
			runOnlyForDeploymentPostprocessing = 0;
		};
/* End PBXFrameworksBuildPhase section */

/* Begin PBXGroup section */
		CE00E9F4146CF876004AB0EC /* Airpad */ = {
			isa = PBXGroup;
			children = (
				CE00E9F5146CF876004AB0EC /* Airpad */,
			);
			name = Airpad;
			sourceTree = SOURCE_ROOT;
		};
		CE00E9F5146CF876004AB0EC /* Airpad */ = {
			isa = PBXGroup;
			children = (
				CE00E9F6146CF876004AB0EC /* AirbrakeDetailView.xib */,
				CE00E9F7146CF876004AB0EC /* AirbrakeDetailViewController.h */,
				CE00E9F8146CF876004AB0EC /* AirbrakeDetailViewController.m */,
				CE00E9F9146CF876004AB0EC /* AirbrakeError.h */,
				CE00E9FA146CF876004AB0EC /* AirbrakeError.m */,
				CE00E9FB146CF876004AB0EC /* AirbrakeFetcher.h */,
				CE00E9FC146CF876004AB0EC /* AirbrakeFetcher.m */,
				CE00E9FD146CF876004AB0EC /* AirbrakeListView.xib */,
				CE00E9FE146CF876004AB0EC /* AirbrakeListViewController.h */,
				CE00E9FF146CF876004AB0EC /* AirbrakeListViewController.m */,
				CE00EA00146CF876004AB0EC /* AirbrakeModel.xcdatamodeld */,
				CE00EA02146CF876004AB0EC /* AirbrakePopulatorDelegate.h */,
				CE00EA03146CF876004AB0EC /* AirbrakeProject.h */,
				CE00EA04146CF876004AB0EC /* AirbrakeProject.m */,
				CE00EA05146CF876004AB0EC /* AirbrakeTablePopulator.h */,
				CE00EA06146CF876004AB0EC /* AirbrakeTablePopulator.m */,
				CE00EA07146CF876004AB0EC /* AirbrakeUser.h */,
				CE00EA08146CF876004AB0EC /* AirbrakeUser.m */,
				CE00EA0B146CF876004AB0EC /* Airpad.xcdatamodeld */,
				CE00EA0F146CF876004AB0EC /* AirpadViewController.h */,
				CE00EA10146CF876004AB0EC /* AirpadViewController.m */,
				CE00EA11146CF876004AB0EC /* AirpadViewController.xib */,
				CE00EA15146CF876004AB0EC /* InAppSettingsKit */,
				CE00EA8B146CF92E004AB0EC /* SMXMLDocument.h */,
				CE00EA8C146CF92E004AB0EC /* SMXMLDocument.m */,
				CE00EA3F146CF876004AB0EC /* NSArray+FunctionalUtils.h */,
				CE00EA40146CF876004AB0EC /* NSArray+FunctionalUtils.m */,
				CE00EA41146CF876004AB0EC /* NSDate+DateISOParser.h */,
				CE00EA42146CF876004AB0EC /* NSDate+DateISOParser.m */,
				CE00EA43146CF876004AB0EC /* NSManagedObject+DSL.h */,
				CE00EA44146CF876004AB0EC /* NSManagedObject+DSL.m */,
				CE00EA45146CF876004AB0EC /* PagedXmlFetcher.h */,
				CE00EA46146CF876004AB0EC /* PagedXmlFetcher.m */,
				CE00EA47146CF876004AB0EC /* ProjectFetcher.h */,
				CE00EA48146CF876004AB0EC /* ProjectFetcher.m */,
				CE00EA49146CF876004AB0EC /* ProjectsMenuView.xib */,
				CE00EA4A146CF876004AB0EC /* ProjectsMenuViewController.h */,
				CE00EA4B146CF876004AB0EC /* ProjectsMenuViewController.m */,
				CE00EA4C146CF876004AB0EC /* Settings.bundle */,
				CE00EA4D146CF876004AB0EC /* UserSettings.h */,
				CE00EA4E146CF876004AB0EC /* UserSettings.m */,
			);
			path = Airpad;
			sourceTree = "<group>";
		};
		CE00EA15146CF876004AB0EC /* InAppSettingsKit */ = {
			isa = PBXGroup;
			children = (
				CE00EA16146CF876004AB0EC /* Controllers */,
				CE00EA1D146CF876004AB0EC /* Models */,
				CE00EA28146CF876004AB0EC /* Views */,
				CE00EA37146CF876004AB0EC /* Xibs */,
			);
			path = InAppSettingsKit;
			sourceTree = "<group>";
		};
		CE00EA16146CF876004AB0EC /* Controllers */ = {
			isa = PBXGroup;
			children = (
				CE00EA17146CF876004AB0EC /* IASKAppSettingsViewController.h */,
				CE00EA18146CF876004AB0EC /* IASKAppSettingsViewController.m */,
				CE00EA19146CF876004AB0EC /* IASKAppSettingsWebViewController.h */,
				CE00EA1A146CF876004AB0EC /* IASKAppSettingsWebViewController.m */,
				CE00EA1B146CF876004AB0EC /* IASKSpecifierValuesViewController.h */,
				CE00EA1C146CF876004AB0EC /* IASKSpecifierValuesViewController.m */,
			);
			path = Controllers;
			sourceTree = "<group>";
		};
		CE00EA1D146CF876004AB0EC /* Models */ = {
			isa = PBXGroup;
			children = (
				CE00EA1E146CF876004AB0EC /* IASKSettingsReader.h */,
				CE00EA1F146CF876004AB0EC /* IASKSettingsReader.m */,
				CE00EA20146CF876004AB0EC /* IASKSettingsStore.h */,
				CE00EA21146CF876004AB0EC /* IASKSettingsStore.m */,
				CE00EA22146CF876004AB0EC /* IASKSettingsStoreFile.h */,
				CE00EA23146CF876004AB0EC /* IASKSettingsStoreFile.m */,
				CE00EA24146CF876004AB0EC /* IASKSettingsStoreUserDefaults.h */,
				CE00EA25146CF876004AB0EC /* IASKSettingsStoreUserDefaults.m */,
				CE00EA26146CF876004AB0EC /* IASKSpecifier.h */,
				CE00EA27146CF876004AB0EC /* IASKSpecifier.m */,
			);
			path = Models;
			sourceTree = "<group>";
		};
		CE00EA28146CF876004AB0EC /* Views */ = {
			isa = PBXGroup;
			children = (
				CE00EA29146CF876004AB0EC /* IASKPSSliderSpecifierViewCell.h */,
				CE00EA2A146CF876004AB0EC /* IASKPSSliderSpecifierViewCell.m */,
				CE00EA2B146CF876004AB0EC /* IASKPSTextFieldSpecifierViewCell.h */,
				CE00EA2C146CF876004AB0EC /* IASKPSTextFieldSpecifierViewCell.m */,
				CE00EA2D146CF876004AB0EC /* IASKPSTitleValueSpecifierViewCell.h */,
				CE00EA2E146CF876004AB0EC /* IASKPSTitleValueSpecifierViewCell.m */,
				CE00EA2F146CF876004AB0EC /* IASKPSToggleSwitchSpecifierViewCell.h */,
				CE00EA30146CF876004AB0EC /* IASKPSToggleSwitchSpecifierViewCell.m */,
				CE00EA31146CF876004AB0EC /* IASKSlider.h */,
				CE00EA32146CF876004AB0EC /* IASKSlider.m */,
				CE00EA33146CF876004AB0EC /* IASKSwitch.h */,
				CE00EA34146CF876004AB0EC /* IASKSwitch.m */,
				CE00EA35146CF876004AB0EC /* IASKTextField.h */,
				CE00EA36146CF876004AB0EC /* IASKTextField.m */,
			);
			path = Views;
			sourceTree = "<group>";
		};
		CE00EA37146CF876004AB0EC /* Xibs */ = {
			isa = PBXGroup;
			children = (
				CE00EA38146CF876004AB0EC /* IASKAppSettingsView.xib */,
				CE00EA39146CF876004AB0EC /* IASKAppSettingsWebView.xib */,
				CE00EA3A146CF876004AB0EC /* IASKPSSliderSpecifierViewCell.xib */,
				CE00EA3B146CF876004AB0EC /* IASKPSTextFieldSpecifierViewCell.xib */,
				CE00EA3C146CF876004AB0EC /* IASKPSToggleSwitchSpecifierViewCell.xib */,
				CE00EA3D146CF876004AB0EC /* IASKSpecifierValuesView.xib */,
			);
			path = Xibs;
			sourceTree = "<group>";
		};
		CEC636CB146CF7FE0036FA02 = {
			isa = PBXGroup;
			children = (
				CE00EA8E146CF9D4004AB0EC /* MessageUI.framework */,
				CEC636E2146CF7FE0036FA02 /* Airpad */,
				CEC636FE146CF7FE0036FA02 /* AirpadTests */,
				CEC636D9146CF7FE0036FA02 /* Frameworks */,
				CEC636D7146CF7FE0036FA02 /* Products */,
			);
			sourceTree = "<group>";
		};
		CEC636D7146CF7FE0036FA02 /* Products */ = {
			isa = PBXGroup;
			children = (
				CEC636D6146CF7FE0036FA02 /* Airpad.app */,
				CEC636F6146CF7FE0036FA02 /* AirpadTests.octest */,
			);
			name = Products;
			sourceTree = "<group>";
		};
		CEC636D9146CF7FE0036FA02 /* Frameworks */ = {
			isa = PBXGroup;
			children = (
				CEC636DA146CF7FE0036FA02 /* UIKit.framework */,
				CEC636DC146CF7FE0036FA02 /* Foundation.framework */,
				CEC636DE146CF7FE0036FA02 /* CoreGraphics.framework */,
				CEC636E0146CF7FE0036FA02 /* CoreData.framework */,
				CEC636F7146CF7FE0036FA02 /* SenTestingKit.framework */,
			);
			name = Frameworks;
			sourceTree = "<group>";
		};
		CEC636E2146CF7FE0036FA02 /* Airpad */ = {
			isa = PBXGroup;
			children = (
				CEC636EB146CF7FE0036FA02 /* AirpadAppDelegate.h */,
				CEC636EC146CF7FE0036FA02 /* AirpadAppDelegate.m */,
				CE00E9F4146CF876004AB0EC /* Airpad */,
				CEC636EE146CF7FE0036FA02 /* Airpad.xcdatamodeld */,
				CEC636E3146CF7FE0036FA02 /* Supporting Files */,
			);
			path = Airpad;
			sourceTree = "<group>";
		};
		CEC636E3146CF7FE0036FA02 /* Supporting Files */ = {
			isa = PBXGroup;
			children = (
				CEC636E4146CF7FE0036FA02 /* Airpad-Info.plist */,
				CEC636E5146CF7FE0036FA02 /* InfoPlist.strings */,
				CEC636E8146CF7FE0036FA02 /* main.m */,
				CEC636EA146CF7FE0036FA02 /* Airpad-Prefix.pch */,
			);
			name = "Supporting Files";
			sourceTree = "<group>";
		};
		CEC636FE146CF7FE0036FA02 /* AirpadTests */ = {
			isa = PBXGroup;
			children = (
				CEC63704146CF7FE0036FA02 /* AirpadTests.h */,
				CEC63705146CF7FE0036FA02 /* AirpadTests.m */,
				CEC636FF146CF7FE0036FA02 /* Supporting Files */,
			);
			path = AirpadTests;
			sourceTree = "<group>";
		};
		CEC636FF146CF7FE0036FA02 /* Supporting Files */ = {
			isa = PBXGroup;
			children = (
				CEC63700146CF7FE0036FA02 /* AirpadTests-Info.plist */,
				CEC63701146CF7FE0036FA02 /* InfoPlist.strings */,
			);
			name = "Supporting Files";
			sourceTree = "<group>";
		};
/* End PBXGroup section */

/* Begin PBXNativeTarget section */
		CEC636D5146CF7FE0036FA02 /* Airpad */ = {
			isa = PBXNativeTarget;
			buildConfigurationList = CEC63709146CF7FE0036FA02 /* Build configuration list for PBXNativeTarget "Airpad" */;
			buildPhases = (
				CEC636D2146CF7FE0036FA02 /* Sources */,
				CEC636D3146CF7FE0036FA02 /* Frameworks */,
				CEC636D4146CF7FE0036FA02 /* Resources */,
			);
			buildRules = (
			);
			dependencies = (
			);
			name = Airpad;
			productName = Airpad;
			productReference = CEC636D6146CF7FE0036FA02 /* Airpad.app */;
			productType = "com.apple.product-type.application";
		};
		CEC636F5146CF7FE0036FA02 /* AirpadTests */ = {
			isa = PBXNativeTarget;
			buildConfigurationList = CEC6370C146CF7FE0036FA02 /* Build configuration list for PBXNativeTarget "AirpadTests" */;
			buildPhases = (
				CEC636F1146CF7FE0036FA02 /* Sources */,
				CEC636F2146CF7FE0036FA02 /* Frameworks */,
				CEC636F3146CF7FE0036FA02 /* Resources */,
				CEC636F4146CF7FE0036FA02 /* ShellScript */,
			);
			buildRules = (
			);
			dependencies = (
				CEC636FD146CF7FE0036FA02 /* PBXTargetDependency */,
			);
			name = AirpadTests;
			productName = AirpadTests;
			productReference = CEC636F6146CF7FE0036FA02 /* AirpadTests.octest */;
			productType = "com.apple.product-type.bundle";
		};
/* End PBXNativeTarget section */

/* Begin PBXProject section */
		CEC636CD146CF7FE0036FA02 /* Project object */ = {
			isa = PBXProject;
			attributes = {
				LastUpgradeCheck = 0420;
				ORGANIZATIONNAME = Rapportive;
			};
			buildConfigurationList = CEC636D0146CF7FE0036FA02 /* Build configuration list for PBXProject "Airpad" */;
			compatibilityVersion = "Xcode 3.2";
			developmentRegion = English;
			hasScannedForEncodings = 0;
			knownRegions = (
				en,
			);
			mainGroup = CEC636CB146CF7FE0036FA02;
			productRefGroup = CEC636D7146CF7FE0036FA02 /* Products */;
			projectDirPath = "";
			projectRoot = "";
			targets = (
				CEC636D5146CF7FE0036FA02 /* Airpad */,
				CEC636F5146CF7FE0036FA02 /* AirpadTests */,
			);
		};
/* End PBXProject section */

/* Begin PBXResourcesBuildPhase section */
		CEC636D4146CF7FE0036FA02 /* Resources */ = {
			isa = PBXResourcesBuildPhase;
			buildActionMask = 2147483647;
			files = (
				CEC636E7146CF7FE0036FA02 /* InfoPlist.strings in Resources */,
				CE00EA58146CF876004AB0EC /* AirbrakeDetailView.xib in Resources */,
				CE00EA5C146CF876004AB0EC /* AirbrakeListView.xib in Resources */,
				CE00EA66146CF876004AB0EC /* AirpadViewController.xib in Resources */,
				CE00EA77146CF876004AB0EC /* IASKAppSettingsView.xib in Resources */,
				CE00EA78146CF876004AB0EC /* IASKAppSettingsWebView.xib in Resources */,
				CE00EA79146CF876004AB0EC /* IASKPSSliderSpecifierViewCell.xib in Resources */,
				CE00EA7A146CF876004AB0EC /* IASKPSTextFieldSpecifierViewCell.xib in Resources */,
				CE00EA7B146CF876004AB0EC /* IASKPSToggleSwitchSpecifierViewCell.xib in Resources */,
				CE00EA7C146CF876004AB0EC /* IASKSpecifierValuesView.xib in Resources */,
				CE00EA83146CF876004AB0EC /* ProjectsMenuView.xib in Resources */,
				CE00EA85146CF876004AB0EC /* Settings.bundle in Resources */,
			);
			runOnlyForDeploymentPostprocessing = 0;
		};
		CEC636F3146CF7FE0036FA02 /* Resources */ = {
			isa = PBXResourcesBuildPhase;
			buildActionMask = 2147483647;
			files = (
				CEC63703146CF7FE0036FA02 /* InfoPlist.strings in Resources */,
			);
			runOnlyForDeploymentPostprocessing = 0;
		};
/* End PBXResourcesBuildPhase section */

/* Begin PBXShellScriptBuildPhase section */
		CEC636F4146CF7FE0036FA02 /* ShellScript */ = {
			isa = PBXShellScriptBuildPhase;
			buildActionMask = 2147483647;
			files = (
			);
			inputPaths = (
			);
			outputPaths = (
			);
			runOnlyForDeploymentPostprocessing = 0;
			shellPath = /bin/sh;
			shellScript = "# Run the unit tests in this test bundle.\n\"${SYSTEM_DEVELOPER_DIR}/Tools/RunUnitTests\"\n";
		};
/* End PBXShellScriptBuildPhase section */

/* Begin PBXSourcesBuildPhase section */
		CEC636D2146CF7FE0036FA02 /* Sources */ = {
			isa = PBXSourcesBuildPhase;
			buildActionMask = 2147483647;
			files = (
				CEC636E9146CF7FE0036FA02 /* main.m in Sources */,
				CEC636ED146CF7FE0036FA02 /* AirpadAppDelegate.m in Sources */,
				CEC636F0146CF7FE0036FA02 /* Airpad.xcdatamodeld in Sources */,
				CE00EA59146CF876004AB0EC /* AirbrakeDetailViewController.m in Sources */,
				CE00EA5A146CF876004AB0EC /* AirbrakeError.m in Sources */,
				CE00EA5B146CF876004AB0EC /* AirbrakeFetcher.m in Sources */,
				CE00EA5D146CF876004AB0EC /* AirbrakeListViewController.m in Sources */,
				CE00EA5E146CF876004AB0EC /* AirbrakeModel.xcdatamodeld in Sources */,
				CE00EA5F146CF876004AB0EC /* AirbrakeProject.m in Sources */,
				CE00EA60146CF876004AB0EC /* AirbrakeTablePopulator.m in Sources */,
				CE00EA61146CF876004AB0EC /* AirbrakeUser.m in Sources */,
				CE00EA63146CF876004AB0EC /* Airpad.xcdatamodeld in Sources */,
				CE00EA65146CF876004AB0EC /* AirpadViewController.m in Sources */,
				CE00EA68146CF876004AB0EC /* IASKAppSettingsViewController.m in Sources */,
				CE00EA69146CF876004AB0EC /* IASKAppSettingsWebViewController.m in Sources */,
				CE00EA6A146CF876004AB0EC /* IASKSpecifierValuesViewController.m in Sources */,
				CE00EA6B146CF876004AB0EC /* IASKSettingsReader.m in Sources */,
				CE00EA6C146CF876004AB0EC /* IASKSettingsStore.m in Sources */,
				CE00EA6D146CF876004AB0EC /* IASKSettingsStoreFile.m in Sources */,
				CE00EA6E146CF876004AB0EC /* IASKSettingsStoreUserDefaults.m in Sources */,
				CE00EA6F146CF876004AB0EC /* IASKSpecifier.m in Sources */,
				CE00EA70146CF876004AB0EC /* IASKPSSliderSpecifierViewCell.m in Sources */,
				CE00EA71146CF876004AB0EC /* IASKPSTextFieldSpecifierViewCell.m in Sources */,
				CE00EA72146CF876004AB0EC /* IASKPSTitleValueSpecifierViewCell.m in Sources */,
				CE00EA73146CF876004AB0EC /* IASKPSToggleSwitchSpecifierViewCell.m in Sources */,
				CE00EA74146CF876004AB0EC /* IASKSlider.m in Sources */,
				CE00EA75146CF876004AB0EC /* IASKSwitch.m in Sources */,
				CE00EA76146CF876004AB0EC /* IASKTextField.m in Sources */,
				CE00EA7E146CF876004AB0EC /* NSArray+FunctionalUtils.m in Sources */,
				CE00EA7F146CF876004AB0EC /* NSDate+DateISOParser.m in Sources */,
				CE00EA80146CF876004AB0EC /* NSManagedObject+DSL.m in Sources */,
				CE00EA81146CF876004AB0EC /* PagedXmlFetcher.m in Sources */,
				CE00EA82146CF876004AB0EC /* ProjectFetcher.m in Sources */,
				CE00EA84146CF876004AB0EC /* ProjectsMenuViewController.m in Sources */,
				CE00EA86146CF876004AB0EC /* UserSettings.m in Sources */,
				CE00EA8D146CF92E004AB0EC /* SMXMLDocument.m in Sources */,
			);
			runOnlyForDeploymentPostprocessing = 0;
		};
		CEC636F1146CF7FE0036FA02 /* Sources */ = {
			isa = PBXSourcesBuildPhase;
			buildActionMask = 2147483647;
			files = (
				CEC63706146CF7FE0036FA02 /* AirpadTests.m in Sources */,
			);
			runOnlyForDeploymentPostprocessing = 0;
		};
/* End PBXSourcesBuildPhase section */

/* Begin PBXTargetDependency section */
		CEC636FD146CF7FE0036FA02 /* PBXTargetDependency */ = {
			isa = PBXTargetDependency;
			target = CEC636D5146CF7FE0036FA02 /* Airpad */;
			targetProxy = CEC636FC146CF7FE0036FA02 /* PBXContainerItemProxy */;
		};
/* End PBXTargetDependency section */

/* Begin PBXVariantGroup section */
		CE00EA11146CF876004AB0EC /* AirpadViewController.xib */ = {
			isa = PBXVariantGroup;
			children = (
				CE00EA12146CF876004AB0EC /* en */,
			);
			name = AirpadViewController.xib;
			sourceTree = "<group>";
		};
		CEC636E5146CF7FE0036FA02 /* InfoPlist.strings */ = {
			isa = PBXVariantGroup;
			children = (
				CEC636E6146CF7FE0036FA02 /* en */,
			);
			name = InfoPlist.strings;
			sourceTree = "<group>";
		};
		CEC63701146CF7FE0036FA02 /* InfoPlist.strings */ = {
			isa = PBXVariantGroup;
			children = (
				CEC63702146CF7FE0036FA02 /* en */,
			);
			name = InfoPlist.strings;
			sourceTree = "<group>";
		};
/* End PBXVariantGroup section */

/* Begin XCBuildConfiguration section */
		CEC63707146CF7FE0036FA02 /* Debug */ = {
			isa = XCBuildConfiguration;
			buildSettings = {
				ALWAYS_SEARCH_USER_PATHS = NO;
				ARCHS = "$(ARCHS_STANDARD_32_BIT)";
				CLANG_ENABLE_OBJC_ARC = YES;
				"CODE_SIGN_IDENTITY[sdk=iphoneos*]" = "iPhone Developer";
				COPY_PHASE_STRIP = NO;
				GCC_C_LANGUAGE_STANDARD = gnu99;
				GCC_DYNAMIC_NO_PIC = NO;
				GCC_OPTIMIZATION_LEVEL = 0;
				GCC_PREPROCESSOR_DEFINITIONS = (
					"DEBUG=1",
					"$(inherited)",
				);
				GCC_SYMBOLS_PRIVATE_EXTERN = NO;
				GCC_VERSION = com.apple.compilers.llvm.clang.1_0;
				GCC_WARN_ABOUT_MISSING_PROTOTYPES = YES;
				GCC_WARN_ABOUT_RETURN_TYPE = YES;
				GCC_WARN_UNUSED_VARIABLE = YES;
				IPHONEOS_DEPLOYMENT_TARGET = 5.0;
				SDKROOT = iphoneos;
				TARGETED_DEVICE_FAMILY = 2;
			};
			name = Debug;
		};
		CEC63708146CF7FE0036FA02 /* Release */ = {
			isa = XCBuildConfiguration;
			buildSettings = {
				ALWAYS_SEARCH_USER_PATHS = NO;
				ARCHS = "$(ARCHS_STANDARD_32_BIT)";
				CLANG_ENABLE_OBJC_ARC = YES;
				"CODE_SIGN_IDENTITY[sdk=iphoneos*]" = "iPhone Developer";
				COPY_PHASE_STRIP = YES;
				GCC_C_LANGUAGE_STANDARD = gnu99;
				GCC_VERSION = com.apple.compilers.llvm.clang.1_0;
				GCC_WARN_ABOUT_MISSING_PROTOTYPES = YES;
				GCC_WARN_ABOUT_RETURN_TYPE = YES;
				GCC_WARN_UNUSED_VARIABLE = YES;
				IPHONEOS_DEPLOYMENT_TARGET = 5.0;
				OTHER_CFLAGS = "-DNS_BLOCK_ASSERTIONS=1";
				SDKROOT = iphoneos;
				TARGETED_DEVICE_FAMILY = 2;
				VALIDATE_PRODUCT = YES;
			};
			name = Release;
		};
		CEC6370A146CF7FE0036FA02 /* Debug */ = {
			isa = XCBuildConfiguration;
			buildSettings = {
				GCC_PRECOMPILE_PREFIX_HEADER = YES;
				GCC_PREFIX_HEADER = "Airpad/Airpad-Prefix.pch";
				INFOPLIST_FILE = "Airpad/Airpad-Info.plist";
				PRODUCT_NAME = "$(TARGET_NAME)";
				WRAPPER_EXTENSION = app;
			};
			name = Debug;
		};
		CEC6370B146CF7FE0036FA02 /* Release */ = {
			isa = XCBuildConfiguration;
			buildSettings = {
				GCC_PRECOMPILE_PREFIX_HEADER = YES;
				GCC_PREFIX_HEADER = "Airpad/Airpad-Prefix.pch";
				INFOPLIST_FILE = "Airpad/Airpad-Info.plist";
				PRODUCT_NAME = "$(TARGET_NAME)";
				WRAPPER_EXTENSION = app;
			};
			name = Release;
		};
		CEC6370D146CF7FE0036FA02 /* Debug */ = {
			isa = XCBuildConfiguration;
			buildSettings = {
				BUNDLE_LOADER = "$(BUILT_PRODUCTS_DIR)/Airpad.app/Airpad";
				FRAMEWORK_SEARCH_PATHS = (
					"$(SDKROOT)/Developer/Library/Frameworks",
					"$(DEVELOPER_LIBRARY_DIR)/Frameworks",
				);
				GCC_PRECOMPILE_PREFIX_HEADER = YES;
				GCC_PREFIX_HEADER = "Airpad/Airpad-Prefix.pch";
				INFOPLIST_FILE = "AirpadTests/AirpadTests-Info.plist";
				PRODUCT_NAME = "$(TARGET_NAME)";
				TEST_HOST = "$(BUNDLE_LOADER)";
				WRAPPER_EXTENSION = octest;
			};
			name = Debug;
		};
		CEC6370E146CF7FE0036FA02 /* Release */ = {
			isa = XCBuildConfiguration;
			buildSettings = {
				BUNDLE_LOADER = "$(BUILT_PRODUCTS_DIR)/Airpad.app/Airpad";
				FRAMEWORK_SEARCH_PATHS = (
					"$(SDKROOT)/Developer/Library/Frameworks",
					"$(DEVELOPER_LIBRARY_DIR)/Frameworks",
				);
				GCC_PRECOMPILE_PREFIX_HEADER = YES;
				GCC_PREFIX_HEADER = "Airpad/Airpad-Prefix.pch";
				INFOPLIST_FILE = "AirpadTests/AirpadTests-Info.plist";
				PRODUCT_NAME = "$(TARGET_NAME)";
				TEST_HOST = "$(BUNDLE_LOADER)";
				WRAPPER_EXTENSION = octest;
			};
			name = Release;
		};
/* End XCBuildConfiguration section */

/* Begin XCConfigurationList section */
		CEC636D0146CF7FE0036FA02 /* Build configuration list for PBXProject "Airpad" */ = {
			isa = XCConfigurationList;
			buildConfigurations = (
				CEC63707146CF7FE0036FA02 /* Debug */,
				CEC63708146CF7FE0036FA02 /* Release */,
			);
			defaultConfigurationIsVisible = 0;
			defaultConfigurationName = Release;
		};
		CEC63709146CF7FE0036FA02 /* Build configuration list for PBXNativeTarget "Airpad" */ = {
			isa = XCConfigurationList;
			buildConfigurations = (
				CEC6370A146CF7FE0036FA02 /* Debug */,
				CEC6370B146CF7FE0036FA02 /* Release */,
			);
			defaultConfigurationIsVisible = 0;
			defaultConfigurationName = Release;
		};
		CEC6370C146CF7FE0036FA02 /* Build configuration list for PBXNativeTarget "AirpadTests" */ = {
			isa = XCConfigurationList;
			buildConfigurations = (
				CEC6370D146CF7FE0036FA02 /* Debug */,
				CEC6370E146CF7FE0036FA02 /* Release */,
			);
			defaultConfigurationIsVisible = 0;
			defaultConfigurationName = Release;
		};
/* End XCConfigurationList section */

/* Begin XCVersionGroup section */
		CE00EA00146CF876004AB0EC /* AirbrakeModel.xcdatamodeld */ = {
			isa = XCVersionGroup;
			children = (
				CE00EA01146CF876004AB0EC /* AirbrakeModel.xcdatamodel */,
			);
			currentVersion = CE00EA01146CF876004AB0EC /* AirbrakeModel.xcdatamodel */;
			path = AirbrakeModel.xcdatamodeld;
			sourceTree = "<group>";
			versionGroupType = wrapper.xcdatamodel;
		};
		CE00EA0B146CF876004AB0EC /* Airpad.xcdatamodeld */ = {
			isa = XCVersionGroup;
			children = (
				CE00EA0C146CF876004AB0EC /* Airpad.xcdatamodel */,
			);
			currentVersion = CE00EA0C146CF876004AB0EC /* Airpad.xcdatamodel */;
			path = Airpad.xcdatamodeld;
			sourceTree = "<group>";
			versionGroupType = wrapper.xcdatamodel;
		};
		CEC636EE146CF7FE0036FA02 /* Airpad.xcdatamodeld */ = {
			isa = XCVersionGroup;
			children = (
				CEC636EF146CF7FE0036FA02 /* Airpad.xcdatamodel */,
			);
			currentVersion = CEC636EF146CF7FE0036FA02 /* Airpad.xcdatamodel */;
			path = Airpad.xcdatamodeld;
			sourceTree = "<group>";
			versionGroupType = wrapper.xcdatamodel;
		};
/* End XCVersionGroup section */
	};
	rootObject = CEC636CD146CF7FE0036FA02 /* Project object */;
}
